# THIS IS AN AUTOGENERATED FILE. DO NOT EDIT THIS FILE DIRECTLY.
# yarn lockfile v1


"@babel/runtime@^7.8.7":
  version "7.9.0"
  resolved "https://registry.yarnpkg.com/@babel/runtime/-/runtime-7.9.0.tgz#337eda67401f5b066a6f205a3113d4ac18ba495b"
  integrity sha512-cTIudHnzuWLS56ik4DnRnqqNf8MkdUzV4iFFI1h7Jo9xvrpQROYaAnaSd2mHLQAzzZAPfATynX5ord6YlNYNMA==
  dependencies:
    regenerator-runtime "^0.13.4"

polished@^3.5.0:
  version "3.5.0"
  resolved "https://registry.yarnpkg.com/polished/-/polished-3.5.0.tgz#bffb0db79025c61d1f735f9bb77a379f5fc46345"
  integrity sha512-TujkqjczBuuG8ObaNeq+zCCu46tTdaWxqtMxCGTxsV5NYTr9pL08H1P0jgy1V4PXLWm2UlIj+icSEwAZv7I8TA==
  dependencies:
    "@babel/runtime" "^7.8.7"

regenerator-runtime@^0.13.4:
  version "0.13.5"
  resolved "https://registry.yarnpkg.com/regenerator-runtime/-/regenerator-runtime-0.13.5.tgz#d878a1d094b4306d10b9096484b33ebd55e26697"
  integrity sha512-ZS5w8CpKFinUzOwW3c83oPeVXoNsrLsaCoLtJvAClH135j/R77RuymhiSErhm2lKcwSCIpmvIWSbDkIfAqKQlA==
